
Microsoft Visual Studio Solution File, Format Version 12.00
# Visual Studio Version 16
VisualStudioVersion = 16.0.31515.178
MinimumVisualStudioVersion = 10.0.40219.1
Project("{FAE04EC0-301F-11D3-BF4B-00C04F79EFBC}") = "AlgoritmoSueldoEmpleado", "AlgoritmoSueldoEmpleado.csproj", "{7EF0CFE2-6897-4451-A47D-DF9C0A501EB4}"
EndProject
Global
	GlobalSection(SolutionConfigurationPlatforms) = preSolution
		Debug|Any CPU = Debug|Any CPU
		Release|Any CPU = Release|Any CPU
	EndGlobalSection
	GlobalSection(ProjectConfigurationPlatforms) = postSolution
		{7EF0CFE2-6897-4451-A47D-DF9C0A501EB4}.Debug|Any CPU.ActiveCfg = Debug|Any CPU
		{7EF0CFE2-6897-4451-A47D-DF9C0A501EB4}.Debug|Any CPU.Build.0 = Debug|Any CPU
		{7EF0CFE2-6897-4451-A47D-DF9C0A501EB4}.Release|Any CPU.ActiveCfg = Release|Any CPU
		{7EF0CFE2-6897-4451-A47D-DF9C0A501EB4}.Release|Any CPU.Build.0 = Release|Any CPU
	EndGlobalSection
	GlobalSection(SolutionProperties) = preSolution
		HideSolutionNode = FALSE
	EndGlobalSection
	GlobalSection(ExtensibilityGlobals) = postSolution
		SolutionGuid = {C185A890-AB55-4740-977A-F3C7288B9C08}
	EndGlobalSection
EndGlobal
