
Microsoft Visual Studio Solution File, Format Version 12.00
# Visual Studio Version 16
VisualStudioVersion = 16.0.31515.178
MinimumVisualStudioVersion = 10.0.40219.1
Project("{FAE04EC0-301F-11D3-BF4B-00C04F79EFBC}") = "ChallengePOO", "ChallengePOO.csproj", "{E5087835-E950-450F-AFBB-BABDD10F41BA}"
EndProject
Global
	GlobalSection(SolutionConfigurationPlatforms) = preSolution
		Debug|Any CPU = Debug|Any CPU
		Release|Any CPU = Release|Any CPU
	EndGlobalSection
	GlobalSection(ProjectConfigurationPlatforms) = postSolution
		{E5087835-E950-450F-AFBB-BABDD10F41BA}.Debug|Any CPU.ActiveCfg = Debug|Any CPU
		{E5087835-E950-450F-AFBB-BABDD10F41BA}.Debug|Any CPU.Build.0 = Debug|Any CPU
		{E5087835-E950-450F-AFBB-BABDD10F41BA}.Release|Any CPU.ActiveCfg = Release|Any CPU
		{E5087835-E950-450F-AFBB-BABDD10F41BA}.Release|Any CPU.Build.0 = Release|Any CPU
	EndGlobalSection
	GlobalSection(SolutionProperties) = preSolution
		HideSolutionNode = FALSE
	EndGlobalSection
	GlobalSection(ExtensibilityGlobals) = postSolution
		SolutionGuid = {C4CAC057-4A36-4438-9D29-470FF1C745A2}
	EndGlobalSection
EndGlobal
