
Microsoft Visual Studio Solution File, Format Version 12.00
# Visual Studio Version 16
VisualStudioVersion = 16.0.31515.178
MinimumVisualStudioVersion = 10.0.40219.1
Project("{FAE04EC0-301F-11D3-BF4B-00C04F79EFBC}") = "AlgoritmoRepeatedNum", "AlgoritmoRepeatedNum.csproj", "{32B3C87A-C3C6-4140-A8F9-DAED5C122FCC}"
EndProject
Global
	GlobalSection(SolutionConfigurationPlatforms) = preSolution
		Debug|Any CPU = Debug|Any CPU
		Release|Any CPU = Release|Any CPU
	EndGlobalSection
	GlobalSection(ProjectConfigurationPlatforms) = postSolution
		{32B3C87A-C3C6-4140-A8F9-DAED5C122FCC}.Debug|Any CPU.ActiveCfg = Debug|Any CPU
		{32B3C87A-C3C6-4140-A8F9-DAED5C122FCC}.Debug|Any CPU.Build.0 = Debug|Any CPU
		{32B3C87A-C3C6-4140-A8F9-DAED5C122FCC}.Release|Any CPU.ActiveCfg = Release|Any CPU
		{32B3C87A-C3C6-4140-A8F9-DAED5C122FCC}.Release|Any CPU.Build.0 = Release|Any CPU
	EndGlobalSection
	GlobalSection(SolutionProperties) = preSolution
		HideSolutionNode = FALSE
	EndGlobalSection
	GlobalSection(ExtensibilityGlobals) = postSolution
		SolutionGuid = {66C98E60-E245-4BDC-8E80-B5A16D7BCD75}
	EndGlobalSection
EndGlobal
